
Microsoft Visual Studio Solution File, Format Version 12.00
# Visual Studio Version 16
VisualStudioVersion = 16.0.32802.440
MinimumVisualStudioVersion = 10.0.40219.1
Project("{FAE04EC0-301F-11D3-BF4B-00C04F79EFBC}") = "CreamAPI.Install", "CreamAPI.Install\CreamAPI.Install.csproj", "{CEF25B82-7E32-4BAC-83A7-879D1C71EA79}"
EndProject
Global
	GlobalSection(SolutionConfigurationPlatforms) = preSolution
		Debug|Any CPU = Debug|Any CPU
		Release|Any CPU = Release|Any CPU
	EndGlobalSection
	GlobalSection(ProjectConfigurationPlatforms) = postSolution
		{CEF25B82-7E32-4BAC-83A7-879D1C71EA79}.Debug|Any CPU.ActiveCfg = Debug|Any CPU
		{CEF25B82-7E32-4BAC-83A7-879D1C71EA79}.Debug|Any CPU.Build.0 = Debug|Any CPU
		{CEF25B82-7E32-4BAC-83A7-879D1C71EA79}.Release|Any CPU.ActiveCfg = Release|Any CPU
		{CEF25B82-7E32-4BAC-83A7-879D1C71EA79}.Release|Any CPU.Build.0 = Release|Any CPU
	EndGlobalSection
	GlobalSection(SolutionProperties) = preSolution
		HideSolutionNode = FALSE
	EndGlobalSection
	GlobalSection(ExtensibilityGlobals) = postSolution
		SolutionGuid = {3B52D59D-0C18-4E59-8132-57EA170EE2B3}
	EndGlobalSection
EndGlobal
